
Microsoft Visual Studio Solution File, Format Version 12.00
# Visual Studio Version 17
VisualStudioVersion = 17.8.34330.188
MinimumVisualStudioVersion = 10.0.40219.1
Project("{FAE04EC0-301F-11D3-BF4B-00C04F79EFBC}") = "ApiProyectoAutoescuela", "ApiProyectoAutoescuela\ApiProyectoAutoescuela.csproj", "{BA157370-6F0B-433C-9407-FF6DBA488400}"
EndProject
Global
	GlobalSection(SolutionConfigurationPlatforms) = preSolution
		Debug|Any CPU = Debug|Any CPU
		Release|Any CPU = Release|Any CPU
	EndGlobalSection
	GlobalSection(ProjectConfigurationPlatforms) = postSolution
		{BA157370-6F0B-433C-9407-FF6DBA488400}.Debug|Any CPU.ActiveCfg = Debug|Any CPU
		{BA157370-6F0B-433C-9407-FF6DBA488400}.Debug|Any CPU.Build.0 = Debug|Any CPU
		{BA157370-6F0B-433C-9407-FF6DBA488400}.Release|Any CPU.ActiveCfg = Release|Any CPU
		{BA157370-6F0B-433C-9407-FF6DBA488400}.Release|Any CPU.Build.0 = Release|Any CPU
	EndGlobalSection
	GlobalSection(SolutionProperties) = preSolution
		HideSolutionNode = FALSE
	EndGlobalSection
	GlobalSection(ExtensibilityGlobals) = postSolution
		SolutionGuid = {829181AD-A8F0-40A1-8712-5BCF477B1B59}
	EndGlobalSection
EndGlobal
